<?xml version="1.0" encoding="utf-8"?>
<Project ToolsVersion="4.0" xmlns="http://schemas.microsoft.com/developer/msbuild/2003">
  <ItemGroup>
    <Filter Include="源文件">
      <UniqueIdentifier>{4FC737F1-C7A5-4376-A066-2A32D752A2FF}</UniqueIdentifier>
      <Extensions>cpp;c;cc;cxx;c++;cppm;ixx;def;odl;idl;hpj;bat;asm;asmx</Extensions>
    </Filter>
    <Filter Include="头文件">
      <UniqueIdentifier>{93995380-89BD-4b04-88EB-625FBE52EBFB}</UniqueIdentifier>
      <Extensions>h;hh;hpp;hxx;h++;hm;inl;inc;ipp;xsd</Extensions>
    </Filter>
    <Filter Include="资源文件">
      <UniqueIdentifier>{67DA6AB6-F800-4c08-8B7A-83BB121AAD01}</UniqueIdentifier>
      <Extensions>rc;ico;cur;bmp;dlg;rc2;rct;bin;rgs;gif;jpg;jpeg;jpe;resx;tiff;tif;png;wav;mfcribbon-ms</Extensions>
    </Filter>
  </ItemGroup>
  <ItemGroup>
    <ClCompile Include="1.掌握进程虚拟地址空间区域划分.cpp">
      <Filter>源文件</Filter>
    </ClCompile>
    <ClCompile Include="2.从指令角度掌握函数调用堆栈详细过程.cpp">
      <Filter>源文件</Filter>
    </ClCompile>
    <ClCompile Include="3.从编译器角度理解C++代码的编译与链接原理.cpp">
      <Filter>源文件</Filter>
    </ClCompile>
    <ClCompile Include="4.掌握形参带默认值的函数.cpp">
      <Filter>源文件</Filter>
    </ClCompile>
    <ClCompile Include="5.掌握inline内联函数.cpp">
      <Filter>源文件</Filter>
    </ClCompile>
    <ClCompile Include="6.详解函数重载.cpp">
      <Filter>源文件</Filter>
    </ClCompile>
    <ClCompile Include="7.全面掌握const的用法.cpp">
      <Filter>源文件</Filter>
    </ClCompile>
    <ClCompile Include="8.掌握const与一二级指针的结合应用.cpp">
      <Filter>源文件</Filter>
    </ClCompile>
    <ClCompile Include="9.掌握C++的左值引用和初识右值引用.cpp">
      <Filter>源文件</Filter>
    </ClCompile>
    <ClCompile Include="10.const、指针、引用的结合使用.cpp">
      <Filter>源文件</Filter>
    </ClCompile>
    <ClCompile Include="11.深入理解C++的new和delete.cpp">
      <Filter>源文件</Filter>
    </ClCompile>
    <ClCompile Include="12.类和对象、this指针.cpp">
      <Filter>源文件</Filter>
    </ClCompile>
    <ClCompile Include="13.掌握构造函数与析构函数.cpp">
      <Filter>源文件</Filter>
    </ClCompile>
    <ClCompile Include="14.掌握对象的深拷贝与浅拷贝.cpp">
      <Filter>源文件</Filter>
    </ClCompile>
    <ClCompile Include="15.类和对象代码应用实践.cpp">
      <Filter>源文件</Filter>
    </ClCompile>
    <ClCompile Include="16.掌握构造函数的初始化列表.cpp">
      <Filter>源文件</Filter>
    </ClCompile>
    <ClCompile Include="17.掌握类的各种成员方法以及区别.cpp">
      <Filter>源文件</Filter>
    </ClCompile>
    <ClCompile Include="18.指向类成员的指针.cpp">
      <Filter>源文件</Filter>
    </ClCompile>
    <ClCompile Include="19.理解函数模板.cpp">
      <Filter>源文件</Filter>
    </ClCompile>
    <ClCompile Include="20.理解类模版.cpp">
      <Filter>源文件</Filter>
    </ClCompile>
    <ClCompile Include="21.实现C++STL向量容器vector.cpp">
      <Filter>源文件</Filter>
    </ClCompile>
    <ClCompile Include="22.理解容器空间配置器allocator的重要性.cpp">
      <Filter>源文件</Filter>
    </ClCompile>
    <ClCompile Include="23.学习复数类CComplex.cpp">
      <Filter>源文件</Filter>
    </ClCompile>
    <ClCompile Include="24.模拟实现C++的string类.cpp">
      <Filter>源文件</Filter>
    </ClCompile>
    <ClCompile Include="25.string字符串对象的迭代器iterator实现.cpp">
      <Filter>源文件</Filter>
    </ClCompile>
    <ClCompile Include="26.vector容器的迭代器iterator实现.cpp">
      <Filter>源文件</Filter>
    </ClCompile>
    <ClCompile Include="27.容器的迭代器失效问题.cpp">
      <Filter>源文件</Filter>
    </ClCompile>
    <ClCompile Include="28.深入理解new和delete的原理.cpp">
      <Filter>源文件</Filter>
    </ClCompile>
    <ClCompile Include="29.new和delete重载实现的对象池应用.cpp">
      <Filter>源文件</Filter>
    </ClCompile>
    <ClCompile Include="30.继承的基本意义.cpp">
      <Filter>源文件</Filter>
    </ClCompile>
    <ClCompile Include="31.派生类的构造过程.cpp">
      <Filter>源文件</Filter>
    </ClCompile>
    <ClCompile Include="32.重载、隐藏、覆盖.cpp">
      <Filter>源文件</Filter>
    </ClCompile>
    <ClCompile Include="33.虚函数、静态绑定和动态绑定.cpp">
      <Filter>源文件</Filter>
    </ClCompile>
    <ClCompile Include="34.虚析构函数.cpp">
      <Filter>源文件</Filter>
    </ClCompile>
    <ClCompile Include="35.再谈动态绑定.cpp">
      <Filter>源文件</Filter>
    </ClCompile>
    <ClCompile Include="36.理解多态到底是什么.cpp">
      <Filter>源文件</Filter>
    </ClCompile>
    <ClCompile Include="37.理解抽象类.cpp">
      <Filter>源文件</Filter>
    </ClCompile>
    <ClCompile Include="38.继承多态笔试题实战分析.cpp">
      <Filter>源文件</Filter>
    </ClCompile>
    <ClCompile Include="39.理解虚基类和虚继承.cpp">
      <Filter>源文件</Filter>
    </ClCompile>
    <ClCompile Include="40.菱形继承问题.cpp">
      <Filter>源文件</Filter>
    </ClCompile>
    <ClCompile Include="41.C++的四种类型转换.cpp">
      <Filter>源文件</Filter>
    </ClCompile>
    <ClCompile Include="42.vector容器.cpp">
      <Filter>源文件</Filter>
    </ClCompile>
    <ClCompile Include="43.deque容器和list容器.cpp">
      <Filter>源文件</Filter>
    </ClCompile>
    <ClCompile Include="44.详解容器适配器.cpp">
      <Filter>源文件</Filter>
    </ClCompile>
    <ClCompile Include="45.关联容器.cpp">
      <Filter>源文件</Filter>
    </ClCompile>
    <ClCompile Include="46.迭代器iterator.cpp">
      <Filter>源文件</Filter>
    </ClCompile>
    <ClCompile Include="47.函数对象.cpp">
      <Filter>源文件</Filter>
    </ClCompile>
    <ClCompile Include="48.泛型算法和绑定器.cpp">
      <Filter>源文件</Filter>
    </ClCompile>
    <ClCompile Include="49.大厂C++开发工程面试问题.cpp">
      <Filter>源文件</Filter>
    </ClCompile>
  </ItemGroup>
</Project>